{
  "object": {
    "pins": [
      {
        "package": "TerraSwift",
        "repositoryURL": "https://github.com/tryterra/TerraSwift.git",
        "state": {
          "branch": null,
          "revision": "9177fcde7beb7cd28180e4a21e302497cf90431c",
          "version": "1.0.11"
        }
      }
    ]
  },
  "version": 1
}
