{
  "object": {
    "pins": [
      {
        "package": "TerraSwift",
        "repositoryURL": "https://github.com/tryterra/TerraSwift.git",
        "state": {
          "branch": "main",
          "revision": "5793b782df33d8098c3258039272bbd81439614e",
          "version": null
        }
      }
    ]
  },
  "version": 1
}
