{
  "object": {
    "pins": [
      {
        "package": "TerraSwift",
        "repositoryURL": "https://github.com/tryterra/TerraSwift.git",
        "state": {
          "branch": "main",
          "revision": "fc779471fd66eb3cdd203d93a22a4cc4920386d2",
          "version": null
        }
      }
    ]
  },
  "version": 1
}
